// !$*UTF8*$!
{
	archiveVersion = 1;
	classes = {
	};
	objectVersion = 46;
	objects = {

/* Begin PBXBuildFile section */
		4A0D67F814FEFABA001FE056 /* iPhone.storyboard in Resources */ = {isa = PBXBuildFile; fileRef = 4A0D67F614FEFABA001FE056 /* iPhone.storyboard */; };
		4A0D684814FF2E8B001FE056 /* DetailViewController.m in Sources */ = {isa = PBXBuildFile; fileRef = 4A0D684514FF2E8B001FE056 /* DetailViewController.m */; };
		4A0D684914FF2E8B001FE056 /* MasterViewController.m in Sources */ = {isa = PBXBuildFile; fileRef = 4A0D684714FF2E8B001FE056 /* MasterViewController.m */; };
		4A0D684B14FF2E95001FE056 /* iPad.storyboard in Resources */ = {isa = PBXBuildFile; fileRef = 4A0D684A14FF2E95001FE056 /* iPad.storyboard */; };
		4A0D684D14FF39C6001FE056 /* NoLandscape.h in Resources */ = {isa = PBXBuildFile; fileRef = 4A0D684C14FF39C6001FE056 /* NoLandscape.h */; };
		4A0D684F14FF39F2001FE056 /* NoLandscape.m in Sources */ = {isa = PBXBuildFile; fileRef = 4A0D684E14FF39F1001FE056 /* NoLandscape.m */; };
		4A387C0E14EC505400CDE308 /* SpiderGuard_00_Intro.m4v in Resources */ = {isa = PBXBuildFile; fileRef = 4A387BFC14EC505400CDE308 /* SpiderGuard_00_Intro.m4v */; };
		4A387C0F14EC505400CDE308 /* SpiderGuard_01_Vari_Drills.m4v in Resources */ = {isa = PBXBuildFile; fileRef = 4A387BFD14EC505400CDE308 /* SpiderGuard_01_Vari_Drills.m4v */; };
		4A387C1014EC505400CDE308 /* SpiderGuard_02_Drill2.m4v in Resources */ = {isa = PBXBuildFile; fileRef = 4A387BFE14EC505400CDE308 /* SpiderGuard_02_Drill2.m4v */; };
		4A387C1114EC505400CDE308 /* SpiderGuard_03_JumpGuard.m4v in Resources */ = {isa = PBXBuildFile; fileRef = 4A387BFF14EC505400CDE308 /* SpiderGuard_03_JumpGuard.m4v */; };
		4A387C1214EC505400CDE308 /* SpiderGuard_05_ClosedGuard1.m4v in Resources */ = {isa = PBXBuildFile; fileRef = 4A387C0014EC505400CDE308 /* SpiderGuard_05_ClosedGuard1.m4v */; };
		4A387C1314EC505400CDE308 /* SpiderGuard_06_ClosedGuard2.m4v in Resources */ = {isa = PBXBuildFile; fileRef = 4A387C0114EC505400CDE308 /* SpiderGuard_06_ClosedGuard2.m4v */; };
		4A387C1414EC505400CDE308 /* SpiderGuard_07_ClosedGuard3.m4v in Resources */ = {isa = PBXBuildFile; fileRef = 4A387C0214EC505400CDE308 /* SpiderGuard_07_ClosedGuard3.m4v */; };
		4A387C1514EC505400CDE308 /* SpiderGuard_08_HipBlockSweep.m4v in Resources */ = {isa = PBXBuildFile; fileRef = 4A387C0314EC505400CDE308 /* SpiderGuard_08_HipBlockSweep.m4v */; };
		4A387C1614EC505400CDE308 /* SpiderGuard_09_ScissorSweep.m4v in Resources */ = {isa = PBXBuildFile; fileRef = 4A387C0414EC505400CDE308 /* SpiderGuard_09_ScissorSweep.m4v */; };
		4A387C1714EC505400CDE308 /* SpiderGuard_10_StarSweep.m4v in Resources */ = {isa = PBXBuildFile; fileRef = 4A387C0514EC505400CDE308 /* SpiderGuard_10_StarSweep.m4v */; };
		4A387C1814EC505400CDE308 /* SpiderGuard_11_DbleAnkleTap.m4v in Resources */ = {isa = PBXBuildFile; fileRef = 4A387C0614EC505400CDE308 /* SpiderGuard_11_DbleAnkleTap.m4v */; };
		4A387C1914EC505400CDE308 /* SpiderGuard_12_SpinBack.m4v in Resources */ = {isa = PBXBuildFile; fileRef = 4A387C0714EC505400CDE308 /* SpiderGuard_12_SpinBack.m4v */; };
		4A387C1A14EC505400CDE308 /* SpiderGuard_13_BallerinaSweep.m4v in Resources */ = {isa = PBXBuildFile; fileRef = 4A387C0814EC505400CDE308 /* SpiderGuard_13_BallerinaSweep.m4v */; };
		4A387C1B14EC505400CDE308 /* SpiderGuard_14_Armbar.m4v in Resources */ = {isa = PBXBuildFile; fileRef = 4A387C0914EC505400CDE308 /* SpiderGuard_14_Armbar.m4v */; };
		4A387C1C14EC505400CDE308 /* SpiderGuard_15_Triangle.m4v in Resources */ = {isa = PBXBuildFile; fileRef = 4A387C0A14EC505400CDE308 /* SpiderGuard_15_Triangle.m4v */; };
		4A387C1D14EC505400CDE308 /* SpiderGuard_16_InvertedTriangle.m4v in Resources */ = {isa = PBXBuildFile; fileRef = 4A387C0B14EC505400CDE308 /* SpiderGuard_16_InvertedTriangle.m4v */; };
		4A387C1E14EC505400CDE308 /* SpiderGuard_17_Omoplata.m4v in Resources */ = {isa = PBXBuildFile; fileRef = 4A387C0C14EC505400CDE308 /* SpiderGuard_17_Omoplata.m4v */; };
		4A387C1F14EC505400CDE308 /* SpiderGuard_18_OmoplataSweep.m4v in Resources */ = {isa = PBXBuildFile; fileRef = 4A387C0D14EC505400CDE308 /* SpiderGuard_18_OmoplataSweep.m4v */; };
		4A387C2F14EC5C5200CDE308 /* Landscape.m in Sources */ = {isa = PBXBuildFile; fileRef = 4A387C2E14EC5C5200CDE308 /* Landscape.m */; };
		4A387C3914EC655200CDE308 /* Bio.html in Resources */ = {isa = PBXBuildFile; fileRef = 4A387C3814EC655200CDE308 /* Bio.html */; };
		4A387C4114EC755500CDE308 /* WebViewController.m in Sources */ = {isa = PBXBuildFile; fileRef = 4A387C4014EC755500CDE308 /* WebViewController.m */; };
		4A5EEF3E15212AE80049B7E1 /* iPadThirdViewController.m in Sources */ = {isa = PBXBuildFile; fileRef = 4A5EEF3D15212AE80049B7E1 /* iPadThirdViewController.m */; };
		4A7269C514FF5F8C004BC788 /* Default.png in Resources */ = {isa = PBXBuildFile; fileRef = 4AA222C814EE2170009448D0 /* Default.png */; };
		4A7269C714FF5F95004BC788 /* Default-Portrait~ipad.png in Resources */ = {isa = PBXBuildFile; fileRef = 4A7269C614FF5F95004BC788 /* Default-Portrait~ipad.png */; };
		4A7269C914FF60FF004BC788 /* Default-Landscape~ipad.png in Resources */ = {isa = PBXBuildFile; fileRef = 4A7269C814FF60FF004BC788 /* Default-Landscape~ipad.png */; };
		4A8CF46214ECF871002AE9C0 /* Movie.png in Resources */ = {isa = PBXBuildFile; fileRef = 4A8CF46014ECF871002AE9C0 /* Movie.png */; };
		4A8CF46314ECF871002AE9C0 /* Movie@2x.png in Resources */ = {isa = PBXBuildFile; fileRef = 4A8CF46114ECF871002AE9C0 /* Movie@2x.png */; };
		4AA222B014EE177E009448D0 /* DTCustomColoredAccessory.m in Sources */ = {isa = PBXBuildFile; fileRef = 4AA222AF14EE177E009448D0 /* DTCustomColoredAccessory.m */; };
		4AA222B914EE1F9D009448D0 /* Connect@x2.png in Resources */ = {isa = PBXBuildFile; fileRef = 4AA222B814EE1F9D009448D0 /* Connect@x2.png */; };
		4AA222BB14EE1FDF009448D0 /* Bio@2x.png in Resources */ = {isa = PBXBuildFile; fileRef = 4AA222BA14EE1FDF009448D0 /* Bio@2x.png */; };
		4AA222BD14EE1FF8009448D0 /* Connect.png in Resources */ = {isa = PBXBuildFile; fileRef = 4AA222BC14EE1FF8009448D0 /* Connect.png */; };
		4AA222BF14EE206B009448D0 /* BioIcon.png in Resources */ = {isa = PBXBuildFile; fileRef = 4AA222BE14EE206B009448D0 /* BioIcon.png */; };
		4AA222C514EE2165009448D0 /* Icon.png in Resources */ = {isa = PBXBuildFile; fileRef = 4AA222C414EE2165009448D0 /* Icon.png */; };
		4AA222C714EE2168009448D0 /* Icon@2x.png in Resources */ = {isa = PBXBuildFile; fileRef = 4AA222C614EE2168009448D0 /* Icon@2x.png */; };
		4AA222CB14EE2173009448D0 /* Default@2x.png in Resources */ = {isa = PBXBuildFile; fileRef = 4AA222CA14EE2173009448D0 /* Default@2x.png */; };
		4AA8F76014ECF99F00DC47F7 /* Website.png in Resources */ = {isa = PBXBuildFile; fileRef = 4AA8F75E14ECF99F00DC47F7 /* Website.png */; };
		4AA8F76114ECF99F00DC47F7 /* Website@2x.png in Resources */ = {isa = PBXBuildFile; fileRef = 4AA8F75F14ECF99F00DC47F7 /* Website@2x.png */; };
		4AA8F76914EDA49C00DC47F7 /* ThirdViewController.m in Sources */ = {isa = PBXBuildFile; fileRef = 4AA8F76814EDA49C00DC47F7 /* ThirdViewController.m */; };
		4AA98FBB162D00E20057C39C /* UIKit.framework in Frameworks */ = {isa = PBXBuildFile; fileRef = 4AF1D5B114EC468100A9050D /* UIKit.framework */; };
		4AF1D5B414EC468100A9050D /* Foundation.framework in Frameworks */ = {isa = PBXBuildFile; fileRef = 4AF1D5B314EC468100A9050D /* Foundation.framework */; };
		4AF1D5B614EC468100A9050D /* CoreGraphics.framework in Frameworks */ = {isa = PBXBuildFile; fileRef = 4AF1D5B514EC468100A9050D /* CoreGraphics.framework */; };
		4AF1D5BC14EC468100A9050D /* InfoPlist.strings in Resources */ = {isa = PBXBuildFile; fileRef = 4AF1D5BA14EC468100A9050D /* InfoPlist.strings */; };
		4AF1D5BE14EC468100A9050D /* main.m in Sources */ = {isa = PBXBuildFile; fileRef = 4AF1D5BD14EC468100A9050D /* main.m */; };
		4AF1D5C214EC468100A9050D /* AppDelegate.m in Sources */ = {isa = PBXBuildFile; fileRef = 4AF1D5C114EC468100A9050D /* AppDelegate.m */; };
		4AF1D5CB14EC468100A9050D /* FirstViewController.m in Sources */ = {isa = PBXBuildFile; fileRef = 4AF1D5CA14EC468100A9050D /* FirstViewController.m */; };
		4AF1D5D214EC468100A9050D /* SecondViewController.m in Sources */ = {isa = PBXBuildFile; fileRef = 4AF1D5D114EC468100A9050D /* SecondViewController.m */; };
		4AF1D5E014EC49D800A9050D /* video.plist in Resources */ = {isa = PBXBuildFile; fileRef = 4AF1D5DF14EC49D800A9050D /* video.plist */; };
		4AF1D5E314EC4A7400A9050D /* MediaPlayer.framework in Frameworks */ = {isa = PBXBuildFile; fileRef = 4AF1D5E214EC4A7400A9050D /* MediaPlayer.framework */; };
		4AF1D5E614EC4B8200A9050D /* VideoInfo.m in Sources */ = {isa = PBXBuildFile; fileRef = 4AF1D5E514EC4B8200A9050D /* VideoInfo.m */; };
		4AF7484E14F30E5F0083EE8E /* PennyiPad.png in Resources */ = {isa = PBXBuildFile; fileRef = 4AF7484D14F30E5F0083EE8E /* PennyiPad.png */; };
		4AF7485214F319050083EE8E /* twitter.png in Resources */ = {isa = PBXBuildFile; fileRef = 4AF7485014F319050083EE8E /* twitter.png */; };
		4AF7485314F319050083EE8E /* twitter@2x.png in Resources */ = {isa = PBXBuildFile; fileRef = 4AF7485114F319050083EE8E /* twitter@2x.png */; };
		4AF7485614F319160083EE8E /* webicon.png in Resources */ = {isa = PBXBuildFile; fileRef = 4AF7485414F319160083EE8E /* webicon.png */; };
		4AF7485A14F319280083EE8E /* facebook.png in Resources */ = {isa = PBXBuildFile; fileRef = 4AF7485814F319280083EE8E /* facebook.png */; };
		4AF7485B14F319280083EE8E /* Facebook@2x.png in Resources */ = {isa = PBXBuildFile; fileRef = 4AF7485914F319280083EE8E /* Facebook@2x.png */; };
		4AF7485E14F319330083EE8E /* email.png in Resources */ = {isa = PBXBuildFile; fileRef = 4AF7485C14F319320083EE8E /* email.png */; };
		4AF7485F14F319330083EE8E /* email@2x.png in Resources */ = {isa = PBXBuildFile; fileRef = 4AF7485D14F319320083EE8E /* email@2x.png */; };
		4AF7486114F319860083EE8E /* webicon@2x.png in Resources */ = {isa = PBXBuildFile; fileRef = 4AF7486014F319850083EE8E /* webicon@2x.png */; };
		4AF7486514F31ABC0083EE8E /* IconIpad.png in Resources */ = {isa = PBXBuildFile; fileRef = 4AF7486414F31ABC0083EE8E /* IconIpad.png */; };
		4AF7487314F325420083EE8E /* penny2.png in Resources */ = {isa = PBXBuildFile; fileRef = 4AF7486F14F325410083EE8E /* penny2.png */; };
		4AF7487414F325420083EE8E /* penny2@2x.png in Resources */ = {isa = PBXBuildFile; fileRef = 4AF7487014F325410083EE8E /* penny2@2x.png */; };
		4AF7487514F325420083EE8E /* penny3.png in Resources */ = {isa = PBXBuildFile; fileRef = 4AF7487114F325410083EE8E /* penny3.png */; };
		4AF7487614F325420083EE8E /* penny3@2x.png in Resources */ = {isa = PBXBuildFile; fileRef = 4AF7487214F325410083EE8E /* penny3@2x.png */; };
		4AF7487914F325530083EE8E /* penny1.png in Resources */ = {isa = PBXBuildFile; fileRef = 4AF7487714F325520083EE8E /* penny1.png */; };
		4AF7487A14F325530083EE8E /* penny1@2x.png in Resources */ = {isa = PBXBuildFile; fileRef = 4AF7487814F325520083EE8E /* penny1@2x.png */; };
/* End PBXBuildFile section */

/* Begin PBXFileReference section */
		4A0D67F714FEFABA001FE056 /* en */ = {isa = PBXFileReference; lastKnownFileType = file.storyboard; name = en; path = en.lproj/iPhone.storyboard; sourceTree = "<group>"; };
		4A0D684414FF2E8B001FE056 /* DetailViewController.h */ = {isa = PBXFileReference; fileEncoding = 4; lastKnownFileType = sourcecode.c.h; path = DetailViewController.h; sourceTree = "<group>"; };
		4A0D684514FF2E8B001FE056 /* DetailViewController.m */ = {isa = PBXFileReference; fileEncoding = 4; lastKnownFileType = sourcecode.c.objc; path = DetailViewController.m; sourceTree = "<group>"; };
		4A0D684614FF2E8B001FE056 /* MasterViewController.h */ = {isa = PBXFileReference; fileEncoding = 4; lastKnownFileType = sourcecode.c.h; path = MasterViewController.h; sourceTree = "<group>"; };
		4A0D684714FF2E8B001FE056 /* MasterViewController.m */ = {isa = PBXFileReference; fileEncoding = 4; lastKnownFileType = sourcecode.c.objc; path = MasterViewController.m; sourceTree = "<group>"; };
		4A0D684A14FF2E95001FE056 /* iPad.storyboard */ = {isa = PBXFileReference; fileEncoding = 4; lastKnownFileType = file.storyboard; path = iPad.storyboard; sourceTree = "<group>"; };
		4A0D684C14FF39C6001FE056 /* NoLandscape.h */ = {isa = PBXFileReference; fileEncoding = 4; lastKnownFileType = sourcecode.c.h; path = NoLandscape.h; sourceTree = "<group>"; };
		4A0D684E14FF39F1001FE056 /* NoLandscape.m */ = {isa = PBXFileReference; fileEncoding = 4; lastKnownFileType = sourcecode.c.objc; path = NoLandscape.m; sourceTree = "<group>"; };
		4A387BFC14EC505400CDE308 /* SpiderGuard_00_Intro.m4v */ = {isa = PBXFileReference; lastKnownFileType = file; path = SpiderGuard_00_Intro.m4v; sourceTree = "<group>"; };
		4A387BFD14EC505400CDE308 /* SpiderGuard_01_Vari_Drills.m4v */ = {isa = PBXFileReference; lastKnownFileType = file; path = SpiderGuard_01_Vari_Drills.m4v; sourceTree = "<group>"; };
		4A387BFE14EC505400CDE308 /* SpiderGuard_02_Drill2.m4v */ = {isa = PBXFileReference; lastKnownFileType = file; path = SpiderGuard_02_Drill2.m4v; sourceTree = "<group>"; };
		4A387BFF14EC505400CDE308 /* SpiderGuard_03_JumpGuard.m4v */ = {isa = PBXFileReference; lastKnownFileType = file; path = SpiderGuard_03_JumpGuard.m4v; sourceTree = "<group>"; };
		4A387C0014EC505400CDE308 /* SpiderGuard_05_ClosedGuard1.m4v */ = {isa = PBXFileReference; lastKnownFileType = file; path = SpiderGuard_05_ClosedGuard1.m4v; sourceTree = "<group>"; };
		4A387C0114EC505400CDE308 /* SpiderGuard_06_ClosedGuard2.m4v */ = {isa = PBXFileReference; lastKnownFileType = file; path = SpiderGuard_06_ClosedGuard2.m4v; sourceTree = "<group>"; };
		4A387C0214EC505400CDE308 /* SpiderGuard_07_ClosedGuard3.m4v */ = {isa = PBXFileReference; lastKnownFileType = file; path = SpiderGuard_07_ClosedGuard3.m4v; sourceTree = "<group>"; };
		4A387C0314EC505400CDE308 /* SpiderGuard_08_HipBlockSweep.m4v */ = {isa = PBXFileReference; lastKnownFileType = file; path = SpiderGuard_08_HipBlockSweep.m4v; sourceTree = "<group>"; };
		4A387C0414EC505400CDE308 /* SpiderGuard_09_ScissorSweep.m4v */ = {isa = PBXFileReference; lastKnownFileType = file; path = SpiderGuard_09_ScissorSweep.m4v; sourceTree = "<group>"; };
		4A387C0514EC505400CDE308 /* SpiderGuard_10_StarSweep.m4v */ = {isa = PBXFileReference; lastKnownFileType = file; path = SpiderGuard_10_StarSweep.m4v; sourceTree = "<group>"; };
		4A387C0614EC505400CDE308 /* SpiderGuard_11_DbleAnkleTap.m4v */ = {isa = PBXFileReference; lastKnownFileType = file; path = SpiderGuard_11_DbleAnkleTap.m4v; sourceTree = "<group>"; };
		4A387C0714EC505400CDE308 /* SpiderGuard_12_SpinBack.m4v */ = {isa = PBXFileReference; lastKnownFileType = file; path = SpiderGuard_12_SpinBack.m4v; sourceTree = "<group>"; };
		4A387C0814EC505400CDE308 /* SpiderGuard_13_BallerinaSweep.m4v */ = {isa = PBXFileReference; lastKnownFileType = file; path = SpiderGuard_13_BallerinaSweep.m4v; sourceTree = "<group>"; };
		4A387C0914EC505400CDE308 /* SpiderGuard_14_Armbar.m4v */ = {isa = PBXFileReference; lastKnownFileType = file; path = SpiderGuard_14_Armbar.m4v; sourceTree = "<group>"; };
		4A387C0A14EC505400CDE308 /* SpiderGuard_15_Triangle.m4v */ = {isa = PBXFileReference; lastKnownFileType = file; path = SpiderGuard_15_Triangle.m4v; sourceTree = "<group>"; };
		4A387C0B14EC505400CDE308 /* SpiderGuard_16_InvertedTriangle.m4v */ = {isa = PBXFileReference; lastKnownFileType = file; path = SpiderGuard_16_InvertedTriangle.m4v; sourceTree = "<group>"; };
		4A387C0C14EC505400CDE308 /* SpiderGuard_17_Omoplata.m4v */ = {isa = PBXFileReference; lastKnownFileType = file; path = SpiderGuard_17_Omoplata.m4v; sourceTree = "<group>"; };
		4A387C0D14EC505400CDE308 /* SpiderGuard_18_OmoplataSweep.m4v */ = {isa = PBXFileReference; lastKnownFileType = file; path = SpiderGuard_18_OmoplataSweep.m4v; sourceTree = "<group>"; };
		4A387C2D14EC5C5200CDE308 /* Landscape.h */ = {isa = PBXFileReference; fileEncoding = 4; lastKnownFileType = sourcecode.c.h; path = Landscape.h; sourceTree = "<group>"; };
		4A387C2E14EC5C5200CDE308 /* Landscape.m */ = {isa = PBXFileReference; fileEncoding = 4; lastKnownFileType = sourcecode.c.objc; path = Landscape.m; sourceTree = "<group>"; };
		4A387C3814EC655200CDE308 /* Bio.html */ = {isa = PBXFileReference; fileEncoding = 4; lastKnownFileType = text.html; path = Bio.html; sourceTree = "<group>"; };
		4A387C3F14EC755400CDE308 /* WebViewController.h */ = {isa = PBXFileReference; fileEncoding = 4; lastKnownFileType = sourcecode.c.h; path = WebViewController.h; sourceTree = "<group>"; };
		4A387C4014EC755500CDE308 /* WebViewController.m */ = {isa = PBXFileReference; fileEncoding = 4; lastKnownFileType = sourcecode.c.objc; path = WebViewController.m; sourceTree = "<group>"; };
		4A5EEF3C15212AE70049B7E1 /* iPadThirdViewController.h */ = {isa = PBXFileReference; fileEncoding = 4; lastKnownFileType = sourcecode.c.h; path = iPadThirdViewController.h; sourceTree = "<group>"; };
		4A5EEF3D15212AE80049B7E1 /* iPadThirdViewController.m */ = {isa = PBXFileReference; fileEncoding = 4; lastKnownFileType = sourcecode.c.objc; path = iPadThirdViewController.m; sourceTree = "<group>"; };
		4A7269C614FF5F95004BC788 /* Default-Portrait~ipad.png */ = {isa = PBXFileReference; lastKnownFileType = image.png; path = "Default-Portrait~ipad.png"; sourceTree = "<group>"; };
		4A7269C814FF60FF004BC788 /* Default-Landscape~ipad.png */ = {isa = PBXFileReference; lastKnownFileType = image.png; path = "Default-Landscape~ipad.png"; sourceTree = "<group>"; };
		4A8CF46014ECF871002AE9C0 /* Movie.png */ = {isa = PBXFileReference; lastKnownFileType = image.png; path = Movie.png; sourceTree = "<group>"; };
		4A8CF46114ECF871002AE9C0 /* Movie@2x.png */ = {isa = PBXFileReference; lastKnownFileType = image.png; path = "Movie@2x.png"; sourceTree = "<group>"; };
		4AA222AE14EE177E009448D0 /* DTCustomColoredAccessory.h */ = {isa = PBXFileReference; fileEncoding = 4; lastKnownFileType = sourcecode.c.h; path = DTCustomColoredAccessory.h; sourceTree = "<group>"; };
		4AA222AF14EE177E009448D0 /* DTCustomColoredAccessory.m */ = {isa = PBXFileReference; fileEncoding = 4; lastKnownFileType = sourcecode.c.objc; path = DTCustomColoredAccessory.m; sourceTree = "<group>"; };
		4AA222B814EE1F9D009448D0 /* Connect@x2.png */ = {isa = PBXFileReference; lastKnownFileType = image.png; path = "Connect@x2.png"; sourceTree = "<group>"; };
		4AA222BA14EE1FDF009448D0 /* Bio@2x.png */ = {isa = PBXFileReference; lastKnownFileType = image.png; path = "Bio@2x.png"; sourceTree = "<group>"; };
		4AA222BC14EE1FF8009448D0 /* Connect.png */ = {isa = PBXFileReference; lastKnownFileType = image.png; path = Connect.png; sourceTree = "<group>"; };
		4AA222BE14EE206B009448D0 /* BioIcon.png */ = {isa = PBXFileReference; lastKnownFileType = image.png; path = BioIcon.png; sourceTree = "<group>"; };
		4AA222C414EE2165009448D0 /* Icon.png */ = {isa = PBXFileReference; lastKnownFileType = image.png; path = Icon.png; sourceTree = "<group>"; };
		4AA222C614EE2168009448D0 /* Icon@2x.png */ = {isa = PBXFileReference; lastKnownFileType = image.png; path = "Icon@2x.png"; sourceTree = "<group>"; };
		4AA222C814EE2170009448D0 /* Default.png */ = {isa = PBXFileReference; lastKnownFileType = image.png; path = Default.png; sourceTree = "<group>"; };
		4AA222CA14EE2173009448D0 /* Default@2x.png */ = {isa = PBXFileReference; lastKnownFileType = image.png; path = "Default@2x.png"; sourceTree = "<group>"; };
		4AA8F75E14ECF99F00DC47F7 /* Website.png */ = {isa = PBXFileReference; lastKnownFileType = image.png; path = Website.png; sourceTree = "<group>"; };
		4AA8F75F14ECF99F00DC47F7 /* Website@2x.png */ = {isa = PBXFileReference; lastKnownFileType = image.png; path = "Website@2x.png"; sourceTree = "<group>"; };
		4AA8F76714EDA49C00DC47F7 /* ThirdViewController.h */ = {isa = PBXFileReference; fileEncoding = 4; lastKnownFileType = sourcecode.c.h; path = ThirdViewController.h; sourceTree = "<group>"; };
		4AA8F76814EDA49C00DC47F7 /* ThirdViewController.m */ = {isa = PBXFileReference; fileEncoding = 4; lastKnownFileType = sourcecode.c.objc; path = ThirdViewController.m; sourceTree = "<group>"; };
		4AF1D5AD14EC468100A9050D /* SpdrGrd.app */ = {isa = PBXFileReference; explicitFileType = wrapper.application; includeInIndex = 0; path = SpdrGrd.app; sourceTree = BUILT_PRODUCTS_DIR; };
		4AF1D5B114EC468100A9050D /* UIKit.framework */ = {isa = PBXFileReference; lastKnownFileType = wrapper.framework; name = UIKit.framework; path = System/Library/Frameworks/UIKit.framework; sourceTree = SDKROOT; };
		4AF1D5B314EC468100A9050D /* Foundation.framework */ = {isa = PBXFileReference; lastKnownFileType = wrapper.framework; name = Foundation.framework; path = System/Library/Frameworks/Foundation.framework; sourceTree = SDKROOT; };
		4AF1D5B514EC468100A9050D /* CoreGraphics.framework */ = {isa = PBXFileReference; lastKnownFileType = wrapper.framework; name = CoreGraphics.framework; path = System/Library/Frameworks/CoreGraphics.framework; sourceTree = SDKROOT; };
		4AF1D5B914EC468100A9050D /* SpiderGrd-Info.plist */ = {isa = PBXFileReference; lastKnownFileType = text.plist.xml; path = "SpiderGrd-Info.plist"; sourceTree = "<group>"; };
		4AF1D5BB14EC468100A9050D /* en */ = {isa = PBXFileReference; lastKnownFileType = text.plist.strings; name = en; path = en.lproj/InfoPlist.strings; sourceTree = "<group>"; };
		4AF1D5BD14EC468100A9050D /* main.m */ = {isa = PBXFileReference; lastKnownFileType = sourcecode.c.objc; path = main.m; sourceTree = "<group>"; };
		4AF1D5BF14EC468100A9050D /* SpiderGrd-Prefix.pch */ = {isa = PBXFileReference; lastKnownFileType = sourcecode.c.h; path = "SpiderGrd-Prefix.pch"; sourceTree = "<group>"; };
		4AF1D5C014EC468100A9050D /* AppDelegate.h */ = {isa = PBXFileReference; lastKnownFileType = sourcecode.c.h; path = AppDelegate.h; sourceTree = "<group>"; };
		4AF1D5C114EC468100A9050D /* AppDelegate.m */ = {isa = PBXFileReference; lastKnownFileType = sourcecode.c.objc; path = AppDelegate.m; sourceTree = "<group>"; };
		4AF1D5C914EC468100A9050D /* FirstViewController.h */ = {isa = PBXFileReference; lastKnownFileType = sourcecode.c.h; path = FirstViewController.h; sourceTree = "<group>"; };
		4AF1D5CA14EC468100A9050D /* FirstViewController.m */ = {isa = PBXFileReference; lastKnownFileType = sourcecode.c.objc; path = FirstViewController.m; sourceTree = "<group>"; };
		4AF1D5D014EC468100A9050D /* SecondViewController.h */ = {isa = PBXFileReference; lastKnownFileType = sourcecode.c.h; path = SecondViewController.h; sourceTree = "<group>"; };
		4AF1D5D114EC468100A9050D /* SecondViewController.m */ = {isa = PBXFileReference; lastKnownFileType = sourcecode.c.objc; path = SecondViewController.m; sourceTree = "<group>"; };
		4AF1D5DF14EC49D800A9050D /* video.plist */ = {isa = PBXFileReference; fileEncoding = 4; lastKnownFileType = text.plist.xml; path = video.plist; sourceTree = "<group>"; };
		4AF1D5E214EC4A7400A9050D /* MediaPlayer.framework */ = {isa = PBXFileReference; lastKnownFileType = wrapper.framework; name = MediaPlayer.framework; path = System/Library/Frameworks/MediaPlayer.framework; sourceTree = SDKROOT; };
		4AF1D5E414EC4B8200A9050D /* VideoInfo.h */ = {isa = PBXFileReference; fileEncoding = 4; lastKnownFileType = sourcecode.c.h; path = VideoInfo.h; sourceTree = "<group>"; };
		4AF1D5E514EC4B8200A9050D /* VideoInfo.m */ = {isa = PBXFileReference; fileEncoding = 4; lastKnownFileType = sourcecode.c.objc; path = VideoInfo.m; sourceTree = "<group>"; };
		4AF7484D14F30E5F0083EE8E /* PennyiPad.png */ = {isa = PBXFileReference; lastKnownFileType = image.png; path = PennyiPad.png; sourceTree = "<group>"; };
		4AF7485014F319050083EE8E /* twitter.png */ = {isa = PBXFileReference; lastKnownFileType = image.png; path = twitter.png; sourceTree = "<group>"; };
		4AF7485114F319050083EE8E /* twitter@2x.png */ = {isa = PBXFileReference; lastKnownFileType = image.png; path = "twitter@2x.png"; sourceTree = "<group>"; };
		4AF7485414F319160083EE8E /* webicon.png */ = {isa = PBXFileReference; lastKnownFileType = image.png; path = webicon.png; sourceTree = "<group>"; };
		4AF7485814F319280083EE8E /* facebook.png */ = {isa = PBXFileReference; lastKnownFileType = image.png; path = facebook.png; sourceTree = "<group>"; };
		4AF7485914F319280083EE8E /* Facebook@2x.png */ = {isa = PBXFileReference; lastKnownFileType = image.png; path = "Facebook@2x.png"; sourceTree = "<group>"; };
		4AF7485C14F319320083EE8E /* email.png */ = {isa = PBXFileReference; lastKnownFileType = image.png; path = email.png; sourceTree = "<group>"; };
		4AF7485D14F319320083EE8E /* email@2x.png */ = {isa = PBXFileReference; lastKnownFileType = image.png; path = "email@2x.png"; sourceTree = "<group>"; };
		4AF7486014F319850083EE8E /* webicon@2x.png */ = {isa = PBXFileReference; lastKnownFileType = image.png; path = "webicon@2x.png"; sourceTree = "<group>"; };
		4AF7486414F31ABC0083EE8E /* IconIpad.png */ = {isa = PBXFileReference; lastKnownFileType = image.png; name = IconIpad.png; path = ../IconIpad.png; sourceTree = "<group>"; };
		4AF7486F14F325410083EE8E /* penny2.png */ = {isa = PBXFileReference; lastKnownFileType = image.png; path = penny2.png; sourceTree = "<group>"; };
		4AF7487014F325410083EE8E /* penny2@2x.png */ = {isa = PBXFileReference; lastKnownFileType = image.png; path = "penny2@2x.png"; sourceTree = "<group>"; };
		4AF7487114F325410083EE8E /* penny3.png */ = {isa = PBXFileReference; lastKnownFileType = image.png; path = penny3.png; sourceTree = "<group>"; };
		4AF7487214F325410083EE8E /* penny3@2x.png */ = {isa = PBXFileReference; lastKnownFileType = image.png; path = "penny3@2x.png"; sourceTree = "<group>"; };
		4AF7487714F325520083EE8E /* penny1.png */ = {isa = PBXFileReference; lastKnownFileType = image.png; path = penny1.png; sourceTree = "<group>"; };
		4AF7487814F325520083EE8E /* penny1@2x.png */ = {isa = PBXFileReference; lastKnownFileType = image.png; path = "penny1@2x.png"; sourceTree = "<group>"; };
/* End PBXFileReference section */

/* Begin PBXFrameworksBuildPhase section */
		4AF1D5AA14EC468100A9050D /* Frameworks */ = {
			isa = PBXFrameworksBuildPhase;
			buildActionMask = 2147483647;
			files = (
				4AA98FBB162D00E20057C39C /* UIKit.framework in Frameworks */,
				4AF1D5E314EC4A7400A9050D /* MediaPlayer.framework in Frameworks */,
				4AF1D5B414EC468100A9050D /* Foundation.framework in Frameworks */,
				4AF1D5B614EC468100A9050D /* CoreGraphics.framework in Frameworks */,
			);
			runOnlyForDeploymentPostprocessing = 0;
		};
/* End PBXFrameworksBuildPhase section */

/* Begin PBXGroup section */
		4A387BFB14EC505400CDE308 /* Video */ = {
			isa = PBXGroup;
			children = (
				4A387BFC14EC505400CDE308 /* SpiderGuard_00_Intro.m4v */,
				4A387BFD14EC505400CDE308 /* SpiderGuard_01_Vari_Drills.m4v */,
				4A387BFE14EC505400CDE308 /* SpiderGuard_02_Drill2.m4v */,
				4A387BFF14EC505400CDE308 /* SpiderGuard_03_JumpGuard.m4v */,
				4A387C0014EC505400CDE308 /* SpiderGuard_05_ClosedGuard1.m4v */,
				4A387C0114EC505400CDE308 /* SpiderGuard_06_ClosedGuard2.m4v */,
				4A387C0214EC505400CDE308 /* SpiderGuard_07_ClosedGuard3.m4v */,
				4A387C0314EC505400CDE308 /* SpiderGuard_08_HipBlockSweep.m4v */,
				4A387C0414EC505400CDE308 /* SpiderGuard_09_ScissorSweep.m4v */,
				4A387C0514EC505400CDE308 /* SpiderGuard_10_StarSweep.m4v */,
				4A387C0614EC505400CDE308 /* SpiderGuard_11_DbleAnkleTap.m4v */,
				4A387C0714EC505400CDE308 /* SpiderGuard_12_SpinBack.m4v */,
				4A387C0814EC505400CDE308 /* SpiderGuard_13_BallerinaSweep.m4v */,
				4A387C0914EC505400CDE308 /* SpiderGuard_14_Armbar.m4v */,
				4A387C0A14EC505400CDE308 /* SpiderGuard_15_Triangle.m4v */,
				4A387C0B14EC505400CDE308 /* SpiderGuard_16_InvertedTriangle.m4v */,
				4A387C0C14EC505400CDE308 /* SpiderGuard_17_Omoplata.m4v */,
				4A387C0D14EC505400CDE308 /* SpiderGuard_18_OmoplataSweep.m4v */,
			);
			path = Video;
			sourceTree = "<group>";
		};
		4AF1D5A214EC468100A9050D = {
			isa = PBXGroup;
			children = (
				4A7269C814FF60FF004BC788 /* Default-Landscape~ipad.png */,
				4A7269C614FF5F95004BC788 /* Default-Portrait~ipad.png */,
				4AA222CA14EE2173009448D0 /* Default@2x.png */,
				4AA222C814EE2170009448D0 /* Default.png */,
				4AA222C614EE2168009448D0 /* Icon@2x.png */,
				4AA222C414EE2165009448D0 /* Icon.png */,
				4AF1D5B714EC468100A9050D /* MBDVideoTemplate */,
				4AF1D5B014EC468100A9050D /* Frameworks */,
				4AF1D5AE14EC468100A9050D /* Products */,
			);
			sourceTree = "<group>";
		};
		4AF1D5AE14EC468100A9050D /* Products */ = {
			isa = PBXGroup;
			children = (
				4AF1D5AD14EC468100A9050D /* SpdrGrd.app */,
			);
			name = Products;
			sourceTree = "<group>";
		};
		4AF1D5B014EC468100A9050D /* Frameworks */ = {
			isa = PBXGroup;
			children = (
				4AF1D5E214EC4A7400A9050D /* MediaPlayer.framework */,
				4AF1D5B114EC468100A9050D /* UIKit.framework */,
				4AF1D5B314EC468100A9050D /* Foundation.framework */,
				4AF1D5B514EC468100A9050D /* CoreGraphics.framework */,
			);
			name = Frameworks;
			sourceTree = "<group>";
		};
		4AF1D5B714EC468100A9050D /* MBDVideoTemplate */ = {
			isa = PBXGroup;
			children = (
				4A0D67F614FEFABA001FE056 /* iPhone.storyboard */,
				4A0D684A14FF2E95001FE056 /* iPad.storyboard */,
				4AF1D5C014EC468100A9050D /* AppDelegate.h */,
				4AF1D5C114EC468100A9050D /* AppDelegate.m */,
				4A0D684414FF2E8B001FE056 /* DetailViewController.h */,
				4A0D684514FF2E8B001FE056 /* DetailViewController.m */,
				4A0D684614FF2E8B001FE056 /* MasterViewController.h */,
				4A0D684714FF2E8B001FE056 /* MasterViewController.m */,
				4AF1D5C914EC468100A9050D /* FirstViewController.h */,
				4AF1D5CA14EC468100A9050D /* FirstViewController.m */,
				4AF1D5D014EC468100A9050D /* SecondViewController.h */,
				4AF1D5D114EC468100A9050D /* SecondViewController.m */,
				4AA8F76714EDA49C00DC47F7 /* ThirdViewController.h */,
				4AA8F76814EDA49C00DC47F7 /* ThirdViewController.m */,
				4A5EEF3C15212AE70049B7E1 /* iPadThirdViewController.h */,
				4A5EEF3D15212AE80049B7E1 /* iPadThirdViewController.m */,
				4A387C2D14EC5C5200CDE308 /* Landscape.h */,
				4A387C2E14EC5C5200CDE308 /* Landscape.m */,
				4A0D684C14FF39C6001FE056 /* NoLandscape.h */,
				4A0D684E14FF39F1001FE056 /* NoLandscape.m */,
				4AF1D5E414EC4B8200A9050D /* VideoInfo.h */,
				4AF1D5E514EC4B8200A9050D /* VideoInfo.m */,
				4A387C3F14EC755400CDE308 /* WebViewController.h */,
				4A387C4014EC755500CDE308 /* WebViewController.m */,
				4AA222AE14EE177E009448D0 /* DTCustomColoredAccessory.h */,
				4AA222AF14EE177E009448D0 /* DTCustomColoredAccessory.m */,
				4AF1D5B814EC468100A9050D /* Supporting Files */,
			);
			path = MBDVideoTemplate;
			sourceTree = "<group>";
		};
		4AF1D5B814EC468100A9050D /* Supporting Files */ = {
			isa = PBXGroup;
			children = (
				4A387BFB14EC505400CDE308 /* Video */,
				4AF1D5E114EC4A3800A9050D /* images */,
				4AF1D5DF14EC49D800A9050D /* video.plist */,
				4AF1D5B914EC468100A9050D /* SpiderGrd-Info.plist */,
				4AF1D5BA14EC468100A9050D /* InfoPlist.strings */,
				4A387C3814EC655200CDE308 /* Bio.html */,
				4AF1D5BD14EC468100A9050D /* main.m */,
				4AF1D5BF14EC468100A9050D /* SpiderGrd-Prefix.pch */,
			);
			name = "Supporting Files";
			sourceTree = "<group>";
		};
		4AF1D5E114EC4A3800A9050D /* images */ = {
			isa = PBXGroup;
			children = (
				4AF7487714F325520083EE8E /* penny1.png */,
				4AF7487814F325520083EE8E /* penny1@2x.png */,
				4AF7486F14F325410083EE8E /* penny2.png */,
				4AF7487014F325410083EE8E /* penny2@2x.png */,
				4AF7487114F325410083EE8E /* penny3.png */,
				4AF7487214F325410083EE8E /* penny3@2x.png */,
				4AF7486414F31ABC0083EE8E /* IconIpad.png */,
				4AF7486014F319850083EE8E /* webicon@2x.png */,
				4AF7485C14F319320083EE8E /* email.png */,
				4AF7485D14F319320083EE8E /* email@2x.png */,
				4AF7485814F319280083EE8E /* facebook.png */,
				4AF7485914F319280083EE8E /* Facebook@2x.png */,
				4AF7485414F319160083EE8E /* webicon.png */,
				4AF7485014F319050083EE8E /* twitter.png */,
				4AF7485114F319050083EE8E /* twitter@2x.png */,
				4AF7484D14F30E5F0083EE8E /* PennyiPad.png */,
				4AA222BE14EE206B009448D0 /* BioIcon.png */,
				4AA222BC14EE1FF8009448D0 /* Connect.png */,
				4AA222BA14EE1FDF009448D0 /* Bio@2x.png */,
				4AA222B814EE1F9D009448D0 /* Connect@x2.png */,
				4A8CF46014ECF871002AE9C0 /* Movie.png */,
				4AA8F75E14ECF99F00DC47F7 /* Website.png */,
				4AA8F75F14ECF99F00DC47F7 /* Website@2x.png */,
				4A8CF46114ECF871002AE9C0 /* Movie@2x.png */,
			);
			name = images;
			sourceTree = "<group>";
		};
/* End PBXGroup section */

/* Begin PBXNativeTarget section */
		4AF1D5AC14EC468100A9050D /* SpiderGrd */ = {
			isa = PBXNativeTarget;
			buildConfigurationList = 4AF1D5D914EC468100A9050D /* Build configuration list for PBXNativeTarget "SpiderGrd" */;
			buildPhases = (
				4AF1D5A914EC468100A9050D /* Sources */,
				4AF1D5AA14EC468100A9050D /* Frameworks */,
				4AF1D5AB14EC468100A9050D /* Resources */,
			);
			buildRules = (
			);
			dependencies = (
			);
			name = SpiderGrd;
			productName = MBDVideoTemplate;
			productReference = 4AF1D5AD14EC468100A9050D /* SpdrGrd.app */;
			productType = "com.apple.product-type.application";
		};
/* End PBXNativeTarget section */

/* Begin PBXProject section */
		4AF1D5A414EC468100A9050D /* Project object */ = {
			isa = PBXProject;
			attributes = {
				LastUpgradeCheck = 0430;
			};
			buildConfigurationList = 4AF1D5A714EC468100A9050D /* Build configuration list for PBXProject "SpiderGrd" */;
			compatibilityVersion = "Xcode 3.2";
			developmentRegion = English;
			hasScannedForEncodings = 0;
			knownRegions = (
				en,
			);
			mainGroup = 4AF1D5A214EC468100A9050D;
			productRefGroup = 4AF1D5AE14EC468100A9050D /* Products */;
			projectDirPath = "";
			projectRoot = "";
			targets = (
				4AF1D5AC14EC468100A9050D /* SpiderGrd */,
			);
		};
/* End PBXProject section */

/* Begin PBXResourcesBuildPhase section */
		4AF1D5AB14EC468100A9050D /* Resources */ = {
			isa = PBXResourcesBuildPhase;
			buildActionMask = 2147483647;
			files = (
				4AF1D5BC14EC468100A9050D /* InfoPlist.strings in Resources */,
				4AF1D5E014EC49D800A9050D /* video.plist in Resources */,
				4A387C0E14EC505400CDE308 /* SpiderGuard_00_Intro.m4v in Resources */,
				4A387C0F14EC505400CDE308 /* SpiderGuard_01_Vari_Drills.m4v in Resources */,
				4A387C1014EC505400CDE308 /* SpiderGuard_02_Drill2.m4v in Resources */,
				4A387C1114EC505400CDE308 /* SpiderGuard_03_JumpGuard.m4v in Resources */,
				4A387C1214EC505400CDE308 /* SpiderGuard_05_ClosedGuard1.m4v in Resources */,
				4A387C1314EC505400CDE308 /* SpiderGuard_06_ClosedGuard2.m4v in Resources */,
				4A387C1414EC505400CDE308 /* SpiderGuard_07_ClosedGuard3.m4v in Resources */,
				4A387C1514EC505400CDE308 /* SpiderGuard_08_HipBlockSweep.m4v in Resources */,
				4A387C1614EC505400CDE308 /* SpiderGuard_09_ScissorSweep.m4v in Resources */,
				4A387C1714EC505400CDE308 /* SpiderGuard_10_StarSweep.m4v in Resources */,
				4A387C1814EC505400CDE308 /* SpiderGuard_11_DbleAnkleTap.m4v in Resources */,
				4A387C1914EC505400CDE308 /* SpiderGuard_12_SpinBack.m4v in Resources */,
				4A387C1A14EC505400CDE308 /* SpiderGuard_13_BallerinaSweep.m4v in Resources */,
				4A387C1B14EC505400CDE308 /* SpiderGuard_14_Armbar.m4v in Resources */,
				4A387C1C14EC505400CDE308 /* SpiderGuard_15_Triangle.m4v in Resources */,
				4A387C1D14EC505400CDE308 /* SpiderGuard_16_InvertedTriangle.m4v in Resources */,
				4A387C1E14EC505400CDE308 /* SpiderGuard_17_Omoplata.m4v in Resources */,
				4A387C1F14EC505400CDE308 /* SpiderGuard_18_OmoplataSweep.m4v in Resources */,
				4A387C3914EC655200CDE308 /* Bio.html in Resources */,
				4A8CF46214ECF871002AE9C0 /* Movie.png in Resources */,
				4A8CF46314ECF871002AE9C0 /* Movie@2x.png in Resources */,
				4AA8F76014ECF99F00DC47F7 /* Website.png in Resources */,
				4AA8F76114ECF99F00DC47F7 /* Website@2x.png in Resources */,
				4AA222B914EE1F9D009448D0 /* Connect@x2.png in Resources */,
				4AA222BB14EE1FDF009448D0 /* Bio@2x.png in Resources */,
				4AA222BD14EE1FF8009448D0 /* Connect.png in Resources */,
				4AA222BF14EE206B009448D0 /* BioIcon.png in Resources */,
				4AA222C514EE2165009448D0 /* Icon.png in Resources */,
				4AA222C714EE2168009448D0 /* Icon@2x.png in Resources */,
				4AA222CB14EE2173009448D0 /* Default@2x.png in Resources */,
				4AF7484E14F30E5F0083EE8E /* PennyiPad.png in Resources */,
				4AF7485214F319050083EE8E /* twitter.png in Resources */,
				4AF7485314F319050083EE8E /* twitter@2x.png in Resources */,
				4AF7485614F319160083EE8E /* webicon.png in Resources */,
				4AF7485A14F319280083EE8E /* facebook.png in Resources */,
				4AF7485B14F319280083EE8E /* Facebook@2x.png in Resources */,
				4AF7485E14F319330083EE8E /* email.png in Resources */,
				4AF7485F14F319330083EE8E /* email@2x.png in Resources */,
				4AF7486114F319860083EE8E /* webicon@2x.png in Resources */,
				4AF7486514F31ABC0083EE8E /* IconIpad.png in Resources */,
				4AF7487314F325420083EE8E /* penny2.png in Resources */,
				4AF7487414F325420083EE8E /* penny2@2x.png in Resources */,
				4AF7487514F325420083EE8E /* penny3.png in Resources */,
				4AF7487614F325420083EE8E /* penny3@2x.png in Resources */,
				4AF7487914F325530083EE8E /* penny1.png in Resources */,
				4AF7487A14F325530083EE8E /* penny1@2x.png in Resources */,
				4A0D67F814FEFABA001FE056 /* iPhone.storyboard in Resources */,
				4A0D684B14FF2E95001FE056 /* iPad.storyboard in Resources */,
				4A0D684D14FF39C6001FE056 /* NoLandscape.h in Resources */,
				4A7269C514FF5F8C004BC788 /* Default.png in Resources */,
				4A7269C714FF5F95004BC788 /* Default-Portrait~ipad.png in Resources */,
				4A7269C914FF60FF004BC788 /* Default-Landscape~ipad.png in Resources */,
			);
			runOnlyForDeploymentPostprocessing = 0;
		};
/* End PBXResourcesBuildPhase section */

/* Begin PBXSourcesBuildPhase section */
		4AF1D5A914EC468100A9050D /* Sources */ = {
			isa = PBXSourcesBuildPhase;
			buildActionMask = 2147483647;
			files = (
				4AF1D5BE14EC468100A9050D /* main.m in Sources */,
				4AF1D5C214EC468100A9050D /* AppDelegate.m in Sources */,
				4AF1D5CB14EC468100A9050D /* FirstViewController.m in Sources */,
				4AF1D5D214EC468100A9050D /* SecondViewController.m in Sources */,
				4AF1D5E614EC4B8200A9050D /* VideoInfo.m in Sources */,
				4A387C2F14EC5C5200CDE308 /* Landscape.m in Sources */,
				4A387C4114EC755500CDE308 /* WebViewController.m in Sources */,
				4AA8F76914EDA49C00DC47F7 /* ThirdViewController.m in Sources */,
				4AA222B014EE177E009448D0 /* DTCustomColoredAccessory.m in Sources */,
				4A0D684814FF2E8B001FE056 /* DetailViewController.m in Sources */,
				4A0D684914FF2E8B001FE056 /* MasterViewController.m in Sources */,
				4A0D684F14FF39F2001FE056 /* NoLandscape.m in Sources */,
				4A5EEF3E15212AE80049B7E1 /* iPadThirdViewController.m in Sources */,
			);
			runOnlyForDeploymentPostprocessing = 0;
		};
/* End PBXSourcesBuildPhase section */

/* Begin PBXVariantGroup section */
		4A0D67F614FEFABA001FE056 /* iPhone.storyboard */ = {
			isa = PBXVariantGroup;
			children = (
				4A0D67F714FEFABA001FE056 /* en */,
			);
			name = iPhone.storyboard;
			sourceTree = "<group>";
		};
		4AF1D5BA14EC468100A9050D /* InfoPlist.strings */ = {
			isa = PBXVariantGroup;
			children = (
				4AF1D5BB14EC468100A9050D /* en */,
			);
			name = InfoPlist.strings;
			sourceTree = "<group>";
		};
/* End PBXVariantGroup section */

/* Begin XCBuildConfiguration section */
		4AF1D5D714EC468100A9050D /* Debug */ = {
			isa = XCBuildConfiguration;
			buildSettings = {
				ALWAYS_SEARCH_USER_PATHS = NO;
				ARCHS = "$(ARCHS_STANDARD_32_BIT)";
				CLANG_ENABLE_OBJC_ARC = YES;
				CODE_SIGN_IDENTITY = "iPhone Developer";
				"CODE_SIGN_IDENTITY[sdk=iphoneos*]" = "iPhone Developer: David Alvarado (JH2AVKN555)";
				COPY_PHASE_STRIP = NO;
				GCC_C_LANGUAGE_STANDARD = gnu99;
				GCC_DYNAMIC_NO_PIC = NO;
				GCC_OPTIMIZATION_LEVEL = 0;
				GCC_PREPROCESSOR_DEFINITIONS = (
					"DEBUG=1",
					"$(inherited)",
				);
				GCC_SYMBOLS_PRIVATE_EXTERN = NO;
				GCC_VERSION = com.apple.compilers.llvm.clang.1_0;
				GCC_WARN_ABOUT_MISSING_PROTOTYPES = YES;
				GCC_WARN_ABOUT_RETURN_TYPE = YES;
				GCC_WARN_UNUSED_VARIABLE = YES;
				IPHONEOS_DEPLOYMENT_TARGET = 5.0;
				PROVISIONING_PROFILE = "";
				"PROVISIONING_PROFILE[sdk=iphoneos*]" = "288E2D95-350A-4CC0-809C-692072BCEE29";
				SDKROOT = iphoneos;
				TARGETED_DEVICE_FAMILY = "1,2";
			};
			name = Debug;
		};
		4AF1D5D814EC468100A9050D /* Release */ = {
			isa = XCBuildConfiguration;
			buildSettings = {
				ALWAYS_SEARCH_USER_PATHS = NO;
				ARCHS = "$(ARCHS_STANDARD_32_BIT)";
				CLANG_ENABLE_OBJC_ARC = YES;
				CODE_SIGN_IDENTITY = "iPhone Developer";
				"CODE_SIGN_IDENTITY[sdk=iphoneos*]" = "iPhone Developer: David Alvarado (JH2AVKN555)";
				COPY_PHASE_STRIP = YES;
				GCC_C_LANGUAGE_STANDARD = gnu99;
				GCC_VERSION = com.apple.compilers.llvm.clang.1_0;
				GCC_WARN_ABOUT_MISSING_PROTOTYPES = YES;
				GCC_WARN_ABOUT_RETURN_TYPE = YES;
				GCC_WARN_UNUSED_VARIABLE = YES;
				IPHONEOS_DEPLOYMENT_TARGET = 5.0;
				OTHER_CFLAGS = "-DNS_BLOCK_ASSERTIONS=1";
				PROVISIONING_PROFILE = "";
				"PROVISIONING_PROFILE[sdk=iphoneos*]" = "8EE488E4-C443-4524-95A4-0E56BDA74552";
				SDKROOT = iphoneos;
				TARGETED_DEVICE_FAMILY = "1,2";
				VALIDATE_PRODUCT = YES;
			};
			name = Release;
		};
		4AF1D5DA14EC468100A9050D /* Debug */ = {
			isa = XCBuildConfiguration;
			buildSettings = {
				CODE_SIGN_IDENTITY = "";
				"CODE_SIGN_IDENTITY[sdk=iphoneos*]" = "iPhone Developer: David Alvarado (JH2AVKN555)";
				GCC_PRECOMPILE_PREFIX_HEADER = YES;
				GCC_PREFIX_HEADER = "MBDVideoTemplate/SpiderGrd-Prefix.pch";
				HEADER_SEARCH_PATHS = "";
				INFOPLIST_FILE = "MBDVideoTemplate/SpiderGrd-Info.plist";
				PRODUCT_NAME = SpdrGrd;
				"PROVISIONING_PROFILE[sdk=iphoneos*]" = "8EE488E4-C443-4524-95A4-0E56BDA74552";
				WRAPPER_EXTENSION = app;
			};
			name = Debug;
		};
		4AF1D5DB14EC468100A9050D /* Release */ = {
			isa = XCBuildConfiguration;
			buildSettings = {
				CODE_SIGN_IDENTITY = "";
				GCC_PRECOMPILE_PREFIX_HEADER = YES;
				GCC_PREFIX_HEADER = "MBDVideoTemplate/SpiderGrd-Prefix.pch";
				HEADER_SEARCH_PATHS = "";
				INFOPLIST_FILE = "MBDVideoTemplate/SpiderGrd-Info.plist";
				PRODUCT_NAME = SpdrGrd;
				WRAPPER_EXTENSION = app;
			};
			name = Release;
		};
/* End XCBuildConfiguration section */

/* Begin XCConfigurationList section */
		4AF1D5A714EC468100A9050D /* Build configuration list for PBXProject "SpiderGrd" */ = {
			isa = XCConfigurationList;
			buildConfigurations = (
				4AF1D5D714EC468100A9050D /* Debug */,
				4AF1D5D814EC468100A9050D /* Release */,
			);
			defaultConfigurationIsVisible = 0;
			defaultConfigurationName = Release;
		};
		4AF1D5D914EC468100A9050D /* Build configuration list for PBXNativeTarget "SpiderGrd" */ = {
			isa = XCConfigurationList;
			buildConfigurations = (
				4AF1D5DA14EC468100A9050D /* Debug */,
				4AF1D5DB14EC468100A9050D /* Release */,
			);
			defaultConfigurationIsVisible = 0;
			defaultConfigurationName = Release;
		};
/* End XCConfigurationList section */
	};
	rootObject = 4AF1D5A414EC468100A9050D /* Project object */;
}
